
Microsoft Visual Studio Solution File, Format Version 12.00
# Visual Studio Version 17
VisualStudioVersion = 17.4.33205.214
MinimumVisualStudioVersion = 10.0.40219.1
Project("{9A19103F-16F7-4668-BE54-9A1E7A4F7556}") = "OpenTraceability", "OpenTraceability\OpenTraceability.csproj", "{C8138FBB-BF5D-49BA-A93B-1E74A06A9AE7}"
EndProject
Project("{9A19103F-16F7-4668-BE54-9A1E7A4F7556}") = "OpenTraceability.Tests", "OpenTraceability.Tests\OpenTraceability.Tests.csproj", "{AFA4FAA1-F177-4ECC-8BC2-5D0C008A1293}"
EndProject
Project("{9A19103F-16F7-4668-BE54-9A1E7A4F7556}") = "OpenTraceability.GDST", "OpenTraceability.GDST\OpenTraceability.GDST.csproj", "{888B7C22-8817-41D2-9339-234E38DD2D6D}"
EndProject
Project("{9A19103F-16F7-4668-BE54-9A1E7A4F7556}") = "OpenTraceability.TestServer", "OpenTraceability.TestServer\OpenTraceability.TestServer.csproj", "{CD63CDD1-7BD2-4280-85BF-F43C2BD69B0D}"
EndProject
Project("{9A19103F-16F7-4668-BE54-9A1E7A4F7556}") = "OpenTraceability.MSC", "OpenTraceability.MSC\OpenTraceability.MSC.csproj", "{ED386D4B-2B27-41D1-9503-0FA3954A8F3B}"
EndProject
Project("{9A19103F-16F7-4668-BE54-9A1E7A4F7556}") = "OpenTraceability.TestServerPackage", "OpenTraceability.TestServerPackage\OpenTraceability.TestServerPackage.csproj", "{6A33F39C-2395-4A23-8779-6BDB64C18927}"
EndProject
Project("{FAE04EC0-301F-11D3-BF4B-00C04F79EFBC}") = "OpenTraceability.Kotlin", "OpenTraceability.Kotlin\OpenTraceability.Kotlin.csproj", "{EF7A38D5-CEF9-4FAA-9CDD-18D7E01641A1}"
EndProject
Global
	GlobalSection(SolutionConfigurationPlatforms) = preSolution
		Debug|Any CPU = Debug|Any CPU
		Release|Any CPU = Release|Any CPU
	EndGlobalSection
	GlobalSection(ProjectConfigurationPlatforms) = postSolution
		{C8138FBB-BF5D-49BA-A93B-1E74A06A9AE7}.Debug|Any CPU.ActiveCfg = Debug|Any CPU
		{C8138FBB-BF5D-49BA-A93B-1E74A06A9AE7}.Debug|Any CPU.Build.0 = Debug|Any CPU
		{C8138FBB-BF5D-49BA-A93B-1E74A06A9AE7}.Release|Any CPU.ActiveCfg = Release|Any CPU
		{C8138FBB-BF5D-49BA-A93B-1E74A06A9AE7}.Release|Any CPU.Build.0 = Release|Any CPU
		{AFA4FAA1-F177-4ECC-8BC2-5D0C008A1293}.Debug|Any CPU.ActiveCfg = Debug|Any CPU
		{AFA4FAA1-F177-4ECC-8BC2-5D0C008A1293}.Debug|Any CPU.Build.0 = Debug|Any CPU
		{AFA4FAA1-F177-4ECC-8BC2-5D0C008A1293}.Release|Any CPU.ActiveCfg = Release|Any CPU
		{AFA4FAA1-F177-4ECC-8BC2-5D0C008A1293}.Release|Any CPU.Build.0 = Release|Any CPU
		{888B7C22-8817-41D2-9339-234E38DD2D6D}.Debug|Any CPU.ActiveCfg = Debug|Any CPU
		{888B7C22-8817-41D2-9339-234E38DD2D6D}.Debug|Any CPU.Build.0 = Debug|Any CPU
		{888B7C22-8817-41D2-9339-234E38DD2D6D}.Release|Any CPU.ActiveCfg = Release|Any CPU
		{888B7C22-8817-41D2-9339-234E38DD2D6D}.Release|Any CPU.Build.0 = Release|Any CPU
		{CD63CDD1-7BD2-4280-85BF-F43C2BD69B0D}.Debug|Any CPU.ActiveCfg = Debug|Any CPU
		{CD63CDD1-7BD2-4280-85BF-F43C2BD69B0D}.Debug|Any CPU.Build.0 = Debug|Any CPU
		{CD63CDD1-7BD2-4280-85BF-F43C2BD69B0D}.Release|Any CPU.ActiveCfg = Release|Any CPU
		{CD63CDD1-7BD2-4280-85BF-F43C2BD69B0D}.Release|Any CPU.Build.0 = Release|Any CPU
		{ED386D4B-2B27-41D1-9503-0FA3954A8F3B}.Debug|Any CPU.ActiveCfg = Debug|Any CPU
		{ED386D4B-2B27-41D1-9503-0FA3954A8F3B}.Debug|Any CPU.Build.0 = Debug|Any CPU
		{ED386D4B-2B27-41D1-9503-0FA3954A8F3B}.Release|Any CPU.ActiveCfg = Release|Any CPU
		{ED386D4B-2B27-41D1-9503-0FA3954A8F3B}.Release|Any CPU.Build.0 = Release|Any CPU
		{6A33F39C-2395-4A23-8779-6BDB64C18927}.Debug|Any CPU.ActiveCfg = Debug|Any CPU
		{6A33F39C-2395-4A23-8779-6BDB64C18927}.Debug|Any CPU.Build.0 = Debug|Any CPU
		{6A33F39C-2395-4A23-8779-6BDB64C18927}.Release|Any CPU.ActiveCfg = Release|Any CPU
		{6A33F39C-2395-4A23-8779-6BDB64C18927}.Release|Any CPU.Build.0 = Release|Any CPU
		{EF7A38D5-CEF9-4FAA-9CDD-18D7E01641A1}.Debug|Any CPU.ActiveCfg = Debug|Any CPU
		{EF7A38D5-CEF9-4FAA-9CDD-18D7E01641A1}.Debug|Any CPU.Build.0 = Debug|Any CPU
		{EF7A38D5-CEF9-4FAA-9CDD-18D7E01641A1}.Release|Any CPU.ActiveCfg = Release|Any CPU
		{EF7A38D5-CEF9-4FAA-9CDD-18D7E01641A1}.Release|Any CPU.Build.0 = Release|Any CPU
	EndGlobalSection
	GlobalSection(SolutionProperties) = preSolution
		HideSolutionNode = FALSE
	EndGlobalSection
	GlobalSection(ExtensibilityGlobals) = postSolution
		SolutionGuid = {666903EC-45BF-4C68-9C9B-5F6546B48C45}
	EndGlobalSection
EndGlobal
