
Microsoft Visual Studio Solution File, Format Version 12.00
# Visual Studio Version 17
VisualStudioVersion = 17.4.33205.214
MinimumVisualStudioVersion = 10.0.40219.1
Project("{9A19103F-16F7-4668-BE54-9A1E7A4F7556}") = "OpenTraceability", "OpenTraceability\OpenTraceability.csproj", "{C8138FBB-BF5D-49BA-A93B-1E74A06A9AE7}"
EndProject
Project("{FAE04EC0-301F-11D3-BF4B-00C04F79EFBC}") = "OpenTraceability.Tests", "OpenTraceability.Tests\OpenTraceability.Tests.csproj", "{AFA4FAA1-F177-4ECC-8BC2-5D0C008A1293}"
EndProject
Global
	GlobalSection(SolutionConfigurationPlatforms) = preSolution
		Debug|Any CPU = Debug|Any CPU
		Release|Any CPU = Release|Any CPU
	EndGlobalSection
	GlobalSection(ProjectConfigurationPlatforms) = postSolution
		{C8138FBB-BF5D-49BA-A93B-1E74A06A9AE7}.Debug|Any CPU.ActiveCfg = Debug|Any CPU
		{C8138FBB-BF5D-49BA-A93B-1E74A06A9AE7}.Debug|Any CPU.Build.0 = Debug|Any CPU
		{C8138FBB-BF5D-49BA-A93B-1E74A06A9AE7}.Release|Any CPU.ActiveCfg = Release|Any CPU
		{C8138FBB-BF5D-49BA-A93B-1E74A06A9AE7}.Release|Any CPU.Build.0 = Release|Any CPU
		{AFA4FAA1-F177-4ECC-8BC2-5D0C008A1293}.Debug|Any CPU.ActiveCfg = Debug|Any CPU
		{AFA4FAA1-F177-4ECC-8BC2-5D0C008A1293}.Debug|Any CPU.Build.0 = Debug|Any CPU
		{AFA4FAA1-F177-4ECC-8BC2-5D0C008A1293}.Release|Any CPU.ActiveCfg = Release|Any CPU
		{AFA4FAA1-F177-4ECC-8BC2-5D0C008A1293}.Release|Any CPU.Build.0 = Release|Any CPU
	EndGlobalSection
	GlobalSection(SolutionProperties) = preSolution
		HideSolutionNode = FALSE
	EndGlobalSection
	GlobalSection(ExtensibilityGlobals) = postSolution
		SolutionGuid = {666903EC-45BF-4C68-9C9B-5F6546B48C45}
	EndGlobalSection
EndGlobal
