{
    "name": "OpenTraceability.TypeScript",
    "version": "1.0.0",
    "lockfileVersion": 1,
    "requires": true,
    "dependencies": {
        "@babel/runtime": {
            "version": "7.20.13",
            "resolved": "https://registry.npmjs.org/@babel/runtime/-/runtime-7.20.13.tgz",
            "integrity": "sha512-gt3PKXs0DBoL9xCvOIIZ2NEqAGZqHjAnmVbfQtB620V0uReIQutpel14KcneZuer7UioY8ALKZ7iocavvzTNFA==",
            "requires": {
                "regenerator-runtime": "^0.13.11"
            }
        },
        "@types/node": {
            "version": "18.13.0",
            "resolved": "https://registry.npmjs.org/@types/node/-/node-18.13.0.tgz",
            "integrity": "sha512-gC3TazRzGoOnoKAhUx+Q0t8S9Tzs74z7m0ipwGpSqQrleP14hKxP4/JUeEQcD3W1/aIpnWl8pHowI7WokuZpXg==",
            "dev": true
        },
        "get-caller-file": {
            "version": "2.0.5",
            "resolved": "https://registry.npmjs.org/get-caller-file/-/get-caller-file-2.0.5.tgz",
            "integrity": "sha512-DyFP3BM/3YHTQOCUL/w0OZHR0lpKeGrxotcHWcqNEdnltqFwXVfhEBQ94eIo34AfQpo0rGki4cyIiftY06h2Fg=="
        },
        "import-wasm": {
            "version": "0.2.0",
            "resolved": "https://registry.npmjs.org/import-wasm/-/import-wasm-0.2.0.tgz",
            "integrity": "sha512-W//5389WJuy9BzwRod3lZecCRn54ULeTSr/bHdvQps4ZSn2MnC+rsplzBrn3LdVcXI3Y3Ef1DywQpDg9wDTg/g==",
            "requires": {
                "@babel/runtime": "^7.8.0",
                "get-caller-file": "^2.0.5"
            }
        },
        "regenerator-runtime": {
            "version": "0.13.11",
            "resolved": "https://registry.npmjs.org/regenerator-runtime/-/regenerator-runtime-0.13.11.tgz",
            "integrity": "sha512-kY1AZVr2Ra+t+piVaJ4gxaFaReZVH40AKNo7UCX6W+dEwBo/2oZJzqfuN1qLq1oL45o56cPaTXELwrTh8Fpggg=="
        }
    }
}
